
Microsoft Visual Studio Solution File, Format Version 12.00
# Visual Studio Version 17
VisualStudioVersion = 17.7.34024.191
MinimumVisualStudioVersion = 10.0.40219.1
Project("{9A19103F-16F7-4668-BE54-9A1E7A4F7556}") = "MiniMusicDesktop", "MiniMusicDesktop\MiniMusicDesktop.csproj", "{3A9E4D8D-BA9F-4594-AAEB-6DC4F9695D94}"
EndProject
Project("{9A19103F-16F7-4668-BE54-9A1E7A4F7556}") = "MiniMusicDesktop.Desktop", "MiniMusicDesktop.Desktop\MiniMusicDesktop.Desktop.csproj", "{0B6648F8-1C20-4737-87EE-F239119385D1}"
EndProject
Global
	GlobalSection(SolutionConfigurationPlatforms) = preSolution
		Debug|Any CPU = Debug|Any CPU
		Release|Any CPU = Release|Any CPU
	EndGlobalSection
	GlobalSection(ProjectConfigurationPlatforms) = postSolution
		{3A9E4D8D-BA9F-4594-AAEB-6DC4F9695D94}.Debug|Any CPU.ActiveCfg = Debug|Any CPU
		{3A9E4D8D-BA9F-4594-AAEB-6DC4F9695D94}.Debug|Any CPU.Build.0 = Debug|Any CPU
		{3A9E4D8D-BA9F-4594-AAEB-6DC4F9695D94}.Release|Any CPU.ActiveCfg = Release|Any CPU
		{3A9E4D8D-BA9F-4594-AAEB-6DC4F9695D94}.Release|Any CPU.Build.0 = Release|Any CPU
		{0B6648F8-1C20-4737-87EE-F239119385D1}.Debug|Any CPU.ActiveCfg = Debug|Any CPU
		{0B6648F8-1C20-4737-87EE-F239119385D1}.Debug|Any CPU.Build.0 = Debug|Any CPU
		{0B6648F8-1C20-4737-87EE-F239119385D1}.Release|Any CPU.ActiveCfg = Release|Any CPU
		{0B6648F8-1C20-4737-87EE-F239119385D1}.Release|Any CPU.Build.0 = Release|Any CPU
	EndGlobalSection
	GlobalSection(SolutionProperties) = preSolution
		HideSolutionNode = FALSE
	EndGlobalSection
	GlobalSection(ExtensibilityGlobals) = postSolution
		SolutionGuid = {6B57028C-8390-4F6D-9915-4014B29B0C67}
	EndGlobalSection
EndGlobal
